
Microsoft Visual Studio Solution File, Format Version 12.00
# Visual Studio Version 17
VisualStudioVersion = 17.9.34622.214
MinimumVisualStudioVersion = 10.0.40219.1
Project("{FAE04EC0-301F-11D3-BF4B-00C04F79EFBC}") = "laba44 word skills", "laba44 word skills\laba44 word skills.csproj", "{FF5130C0-7F39-4B89-9DCC-D205713709D4}"
EndProject
Global
	GlobalSection(SolutionConfigurationPlatforms) = preSolution
		Debug|Any CPU = Debug|Any CPU
		Release|Any CPU = Release|Any CPU
	EndGlobalSection
	GlobalSection(ProjectConfigurationPlatforms) = postSolution
		{FF5130C0-7F39-4B89-9DCC-D205713709D4}.Debug|Any CPU.ActiveCfg = Debug|Any CPU
		{FF5130C0-7F39-4B89-9DCC-D205713709D4}.Debug|Any CPU.Build.0 = Debug|Any CPU
		{FF5130C0-7F39-4B89-9DCC-D205713709D4}.Release|Any CPU.ActiveCfg = Release|Any CPU
		{FF5130C0-7F39-4B89-9DCC-D205713709D4}.Release|Any CPU.Build.0 = Release|Any CPU
	EndGlobalSection
	GlobalSection(SolutionProperties) = preSolution
		HideSolutionNode = FALSE
	EndGlobalSection
	GlobalSection(ExtensibilityGlobals) = postSolution
		SolutionGuid = {EDCEF432-31F8-442A-9D2A-AA669B208469}
	EndGlobalSection
EndGlobal
